// !$*UTF8*$!
{
	archiveVersion = 1;
	classes = {
	};
	objectVersion = 77;
	objects = {

/* Begin PBXContainerItemProxy section */
		9F3B26E32F56C4A400CCCBB3 /* PBXContainerItemProxy */ = {
			isa = PBXContainerItemProxy;
			containerPortal = 9F3B26CD2F56C4A200CCCBB3 /* Project object */;
			proxyType = 1;
			remoteGlobalIDString = 9F3B26D42F56C4A200CCCBB3;
			remoteInfo = iPantry;
		};
		9F3B26ED2F56C4A400CCCBB3 /* PBXContainerItemProxy */ = {
			isa = PBXContainerItemProxy;
			containerPortal = 9F3B26CD2F56C4A200CCCBB3 /* Project object */;
			proxyType = 1;
			remoteGlobalIDString = 9F3B26D42F56C4A200CCCBB3;
			remoteInfo = iPantry;
		};
/* End PBXContainerItemProxy section */

/* Begin PBXFileReference section */
		9F3B26D52F56C4A200CCCBB3 /* iPantry.app */ = {isa = PBXFileReference; explicitFileType = wrapper.application; includeInIndex = 0; path = iPantry.app; sourceTree = BUILT_PRODUCTS_DIR; };
		9F3B26E22F56C4A400CCCBB3 /* iPantryTests.xctest */ = {isa = PBXFileReference; explicitFileType = wrapper.cfbundle; includeInIndex = 0; path = iPantryTests.xctest; sourceTree = BUILT_PRODUCTS_DIR; };
		9F3B26EC2F56C4A400CCCBB3 /* iPantryUITests.xctest */ = {isa = PBXFileReference; explicitFileType = wrapper.cfbundle; includeInIndex = 0; path = iPantryUITests.xctest; sourceTree = BUILT_PRODUCTS_DIR; };
/* End PBXFileReference section */

/* Begin PBXFileSystemSynchronizedRootGroup section */
		9F3B26D72F56C4A200CCCBB3 /* iPantry */ = {
			isa = PBXFileSystemSynchronizedRootGroup;
			path = iPantry;
			sourceTree = "<group>";
		};
		9F3B26E52F56C4A400CCCBB3 /* iPantryTests */ = {
			isa = PBXFileSystemSynchronizedRootGroup;
			path = iPantryTests;
			sourceTree = "<group>";
		};
		9F3B26EF2F56C4A400CCCBB3 /* iPantryUITests */ = {
			isa = PBXFileSystemSynchronizedRootGroup;
			path = iPantryUITests;
			sourceTree = "<group>";
		};
/* End PBXFileSystemSynchronizedRootGroup section */

/* Begin PBXFrameworksBuildPhase section */
		9F3B26D22F56C4A200CCCBB3 /* Frameworks */ = {
			isa = PBXFrameworksBuildPhase;
			buildActionMask = 2147483647;
			files = (
			);
			runOnlyForDeploymentPostprocessing = 0;
		};
		9F3B26DF2F56C4A400CCCBB3 /* Frameworks */ = {
			isa = PBXFrameworksBuildPhase;
			buildActionMask = 2147483647;
			files = (
			);
			runOnlyForDeploymentPostprocessing = 0;
		};
		9F3B26E92F56C4A400CCCBB3 /* Frameworks */ = {
			isa = PBXFrameworksBuildPhase;
			buildActionMask = 2147483647;
			files = (
			);
			runOnlyForDeploymentPostprocessing = 0;
		};
/* End PBXFrameworksBuildPhase section */

/* Begin PBXGroup section */
		9F3B26CC2F56C4A200CCCBB3 = {
			isa = PBXGroup;
			children = (
				9F3B26D72F56C4A200CCCBB3 /* iPantry */,
				9F3B26E52F56C4A400CCCBB3 /* iPantryTests */,
				9F3B26EF2F56C4A400CCCBB3 /* iPantryUITests */,
				9F3B26D62F56C4A200CCCBB3 /* Products */,
			);
			sourceTree = "<group>";
		};
		9F3B26D62F56C4A200CCCBB3 /* Products */ = {
			isa = PBXGroup;
			children = (
				9F3B26D52F56C4A200CCCBB3 /* iPantry.app */,
				9F3B26E22F56C4A400CCCBB3 /* iPantryTests.xctest */,
				9F3B26EC2F56C4A400CCCBB3 /* iPantryUITests.xctest */,
			);
			name = Products;
			sourceTree = "<group>";
		};
/* End PBXGroup section */

/* Begin PBXNativeTarget section */
		9F3B26D42F56C4A200CCCBB3 /* iPantry */ = {
			isa = PBXNativeTarget;
			buildConfigurationList = 9F3B26F62F56C4A400CCCBB3 /* Build configuration list for PBXNativeTarget "iPantry" */;
			buildPhases = (
				9F3B26D12F56C4A200CCCBB3 /* Sources */,
				9F3B26D22F56C4A200CCCBB3 /* Frameworks */,
				9F3B26D32F56C4A200CCCBB3 /* Resources */,
			);
			buildRules = (
			);
			dependencies = (
			);
			fileSystemSynchronizedGroups = (
				9F3B26D72F56C4A200CCCBB3 /* iPantry */,
			);
			name = iPantry;
			packageProductDependencies = (
			);
			productName = iPantry;
			productReference = 9F3B26D52F56C4A200CCCBB3 /* iPantry.app */;
			productType = "com.apple.product-type.application";
		};
		9F3B26E12F56C4A400CCCBB3 /* iPantryTests */ = {
			isa = PBXNativeTarget;
			buildConfigurationList = 9F3B26F92F56C4A400CCCBB3 /* Build configuration list for PBXNativeTarget "iPantryTests" */;
			buildPhases = (
				9F3B26DE2F56C4A400CCCBB3 /* Sources */,
				9F3B26DF2F56C4A400CCCBB3 /* Frameworks */,
				9F3B26E02F56C4A400CCCBB3 /* Resources */,
			);
			buildRules = (
			);
			dependencies = (
				9F3B26E42F56C4A400CCCBB3 /* PBXTargetDependency */,
			);
			fileSystemSynchronizedGroups = (
				9F3B26E52F56C4A400CCCBB3 /* iPantryTests */,
			);
			name = iPantryTests;
			packageProductDependencies = (
			);
			productName = iPantryTests;
			productReference = 9F3B26E22F56C4A400CCCBB3 /* iPantryTests.xctest */;
			productType = "com.apple.product-type.bundle.unit-test";
		};
		9F3B26EB2F56C4A400CCCBB3 /* iPantryUITests */ = {
			isa = PBXNativeTarget;
			buildConfigurationList = 9F3B26FC2F56C4A400CCCBB3 /* Build configuration list for PBXNativeTarget "iPantryUITests" */;
			buildPhases = (
				9F3B26E82F56C4A400CCCBB3 /* Sources */,
				9F3B26E92F56C4A400CCCBB3 /* Frameworks */,
				9F3B26EA2F56C4A400CCCBB3 /* Resources */,
			);
			buildRules = (
			);
			dependencies = (
				9F3B26EE2F56C4A400CCCBB3 /* PBXTargetDependency */,
			);
			fileSystemSynchronizedGroups = (
				9F3B26EF2F56C4A400CCCBB3 /* iPantryUITests */,
			);
			name = iPantryUITests;
			packageProductDependencies = (
			);
			productName = iPantryUITests;
			productReference = 9F3B26EC2F56C4A400CCCBB3 /* iPantryUITests.xctest */;
			productType = "com.apple.product-type.bundle.ui-testing";
		};
/* End PBXNativeTarget section */

/* Begin PBXProject section */
		9F3B26CD2F56C4A200CCCBB3 /* Project object */ = {
			isa = PBXProject;
			attributes = {
				BuildIndependentTargetsInParallel = 1;
				LastSwiftUpdateCheck = 1640;
				LastUpgradeCheck = 1640;
				TargetAttributes = {
					9F3B26D42F56C4A200CCCBB3 = {
						CreatedOnToolsVersion = 16.4;
					};
					9F3B26E12F56C4A400CCCBB3 = {
						CreatedOnToolsVersion = 16.4;
						TestTargetID = 9F3B26D42F56C4A200CCCBB3;
					};
					9F3B26EB2F56C4A400CCCBB3 = {
						CreatedOnToolsVersion = 16.4;
						TestTargetID = 9F3B26D42F56C4A200CCCBB3;
					};
				};
			};
			buildConfigurationList = 9F3B26D02F56C4A200CCCBB3 /* Build configuration list for PBXProject "iPantry" */;
			developmentRegion = en;
			hasScannedForEncodings = 0;
			knownRegions = (
				en,
				Base,
			);
			mainGroup = 9F3B26CC2F56C4A200CCCBB3;
			minimizedProjectReferenceProxies = 1;
			preferredProjectObjectVersion = 77;
			productRefGroup = 9F3B26D62F56C4A200CCCBB3 /* Products */;
			projectDirPath = "";
			projectRoot = "";
			targets = (
				9F3B26D42F56C4A200CCCBB3 /* iPantry */,
				9F3B26E12F56C4A400CCCBB3 /* iPantryTests */,
				9F3B26EB2F56C4A400CCCBB3 /* iPantryUITests */,
			);
		};
/* End PBXProject section */

/* Begin PBXResourcesBuildPhase section */
		9F3B26D32F56C4A200CCCBB3 /* Resources */ = {
			isa = PBXResourcesBuildPhase;
			buildActionMask = 2147483647;
			files = (
			);
			runOnlyForDeploymentPostprocessing = 0;
		};
		9F3B26E02F56C4A400CCCBB3 /* Resources */ = {
			isa = PBXResourcesBuildPhase;
			buildActionMask = 2147483647;
			files = (
			);
			runOnlyForDeploymentPostprocessing = 0;
		};
		9F3B26EA2F56C4A400CCCBB3 /* Resources */ = {
			isa = PBXResourcesBuildPhase;
			buildActionMask = 2147483647;
			files = (
			);
			runOnlyForDeploymentPostprocessing = 0;
		};
/* End PBXResourcesBuildPhase section */

/* Begin PBXSourcesBuildPhase section */
		9F3B26D12F56C4A200CCCBB3 /* Sources */ = {
			isa = PBXSourcesBuildPhase;
			buildActionMask = 2147483647;
			files = (
			);
			runOnlyForDeploymentPostprocessing = 0;
		};
		9F3B26DE2F56C4A400CCCBB3 /* Sources */ = {
			isa = PBXSourcesBuildPhase;
			buildActionMask = 2147483647;
			files = (
			);
			runOnlyForDeploymentPostprocessing = 0;
		};
		9F3B26E82F56C4A400CCCBB3 /* Sources */ = {
			isa = PBXSourcesBuildPhase;
			buildActionMask = 2147483647;
			files = (
			);
			runOnlyForDeploymentPostprocessing = 0;
		};
/* End PBXSourcesBuildPhase section */

/* Begin PBXTargetDependency section */
		9F3B26E42F56C4A400CCCBB3 /* PBXTargetDependency */ = {
			isa = PBXTargetDependency;
			target = 9F3B26D42F56C4A200CCCBB3 /* iPantry */;
			targetProxy = 9F3B26E32F56C4A400CCCBB3 /* PBXContainerItemProxy */;
		};
		9F3B26EE2F56C4A400CCCBB3 /* PBXTargetDependency */ = {
			isa = PBXTargetDependency;
			target = 9F3B26D42F56C4A200CCCBB3 /* iPantry */;
			targetProxy = 9F3B26ED2F56C4A400CCCBB3 /* PBXContainerItemProxy */;
		};
/* End PBXTargetDependency section */

/* Begin XCBuildConfiguration section */
		9F3B26F42F56C4A400CCCBB3 /* Debug */ = {
			isa = XCBuildConfiguration;
			buildSettings = {
				ALWAYS_SEARCH_USER_PATHS = NO;
				ASSETCATALOG_COMPILER_GENERATE_SWIFT_ASSET_SYMBOL_EXTENSIONS = YES;
				CLANG_ANALYZER_NONNULL = YES;
				CLANG_ANALYZER_NUMBER_OBJECT_CONVERSION = YES_AGGRESSIVE;
				CLANG_CXX_LANGUAGE_STANDARD = "gnu++20";
				CLANG_ENABLE_MODULES = YES;
				CLANG_ENABLE_OBJC_ARC = YES;
				CLANG_ENABLE_OBJC_WEAK = YES;
				CLANG_WARN_BLOCK_CAPTURE_AUTORELEASING = YES;
				CLANG_WARN_BOOL_CONVERSION = YES;
				CLANG_WARN_COMMA = YES;
				CLANG_WARN_CONSTANT_CONVERSION = YES;
				CLANG_WARN_DEPRECATED_OBJC_IMPLEMENTATIONS = YES;
				CLANG_WARN_DIRECT_OBJC_ISA_USAGE = YES_ERROR;
				CLANG_WARN_DOCUMENTATION_COMMENTS = YES;
				CLANG_WARN_EMPTY_BODY = YES;
				CLANG_WARN_ENUM_CONVERSION = YES;
				CLANG_WARN_INFINITE_RECURSION = YES;
				CLANG_WARN_INT_CONVERSION = YES;
				CLANG_WARN_NON_LITERAL_NULL_CONVERSION = YES;
				CLANG_WARN_OBJC_IMPLICIT_RETAIN_SELF = YES;
				CLANG_WARN_OBJC_LITERAL_CONVERSION = YES;
				CLANG_WARN_OBJC_ROOT_CLASS = YES_ERROR;
				CLANG_WARN_QUOTED_INCLUDE_IN_FRAMEWORK_HEADER = YES;
				CLANG_WARN_RANGE_LOOP_ANALYSIS = YES;
				CLANG_WARN_STRICT_PROTOTYPES = YES;
				CLANG_WARN_SUSPICIOUS_MOVE = YES;
				CLANG_WARN_UNGUARDED_AVAILABILITY = YES_AGGRESSIVE;
				CLANG_WARN_UNREACHABLE_CODE = YES;
				CLANG_WARN__DUPLICATE_METHOD_MATCH = YES;
				COPY_PHASE_STRIP = NO;
				DEBUG_INFORMATION_FORMAT = dwarf;
				ENABLE_STRICT_OBJC_MSGSEND = YES;
				ENABLE_TESTABILITY = YES;
				ENABLE_USER_SCRIPT_SANDBOXING = YES;
				GCC_C_LANGUAGE_STANDARD = gnu17;
				GCC_DYNAMIC_NO_PIC = NO;
				GCC_NO_COMMON_BLOCKS = YES;
				GCC_OPTIMIZATION_LEVEL = 0;
				GCC_PREPROCESSOR_DEFINITIONS = (
					"DEBUG=1",
					"$(inherited)",
				);
				GCC_WARN_64_TO_32_BIT_CONVERSION = YES;
				GCC_WARN_ABOUT_RETURN_TYPE = YES_ERROR;
				GCC_WARN_UNDECLARED_SELECTOR = YES;
				GCC_WARN_UNINITIALIZED_AUTOS = YES_AGGRESSIVE;
				GCC_WARN_UNUSED_FUNCTION = YES;
				GCC_WARN_UNUSED_VARIABLE = YES;
				IPHONEOS_DEPLOYMENT_TARGET = 18.5;
				LOCALIZATION_PREFERS_STRING_CATALOGS = YES;
				MTL_ENABLE_DEBUG_INFO = INCLUDE_SOURCE;
				MTL_FAST_MATH = YES;
				ONLY_ACTIVE_ARCH = YES;
				SDKROOT = iphoneos;
				SWIFT_ACTIVE_COMPILATION_CONDITIONS = "DEBUG $(inherited)";
				SWIFT_OPTIMIZATION_LEVEL = "-Onone";
			};
			name = Debug;
		};
		9F3B26F52F56C4A400CCCBB3 /* Release */ = {
			isa = XCBuildConfiguration;
			buildSettings = {
				ALWAYS_SEARCH_USER_PATHS = NO;
				ASSETCATALOG_COMPILER_GENERATE_SWIFT_ASSET_SYMBOL_EXTENSIONS = YES;
				CLANG_ANALYZER_NONNULL = YES;
				CLANG_ANALYZER_NUMBER_OBJECT_CONVERSION = YES_AGGRESSIVE;
				CLANG_CXX_LANGUAGE_STANDARD = "gnu++20";
				CLANG_ENABLE_MODULES = YES;
				CLANG_ENABLE_OBJC_ARC = YES;
				CLANG_ENABLE_OBJC_WEAK = YES;
				CLANG_WARN_BLOCK_CAPTURE_AUTORELEASING = YES;
				CLANG_WARN_BOOL_CONVERSION = YES;
				CLANG_WARN_COMMA = YES;
				CLANG_WARN_CONSTANT_CONVERSION = YES;
				CLANG_WARN_DEPRECATED_OBJC_IMPLEMENTATIONS = YES;
				CLANG_WARN_DIRECT_OBJC_ISA_USAGE = YES_ERROR;
				CLANG_WARN_DOCUMENTATION_COMMENTS = YES;
				CLANG_WARN_EMPTY_BODY = YES;
				CLANG_WARN_ENUM_CONVERSION = YES;
				CLANG_WARN_INFINITE_RECURSION = YES;
				CLANG_WARN_INT_CONVERSION = YES;
				CLANG_WARN_NON_LITERAL_NULL_CONVERSION = YES;
				CLANG_WARN_OBJC_IMPLICIT_RETAIN_SELF = YES;
				CLANG_WARN_OBJC_LITERAL_CONVERSION = YES;
				CLANG_WARN_OBJC_ROOT_CLASS = YES_ERROR;
				CLANG_WARN_QUOTED_INCLUDE_IN_FRAMEWORK_HEADER = YES;
				CLANG_WARN_RANGE_LOOP_ANALYSIS = YES;
				CLANG_WARN_STRICT_PROTOTYPES = YES;
				CLANG_WARN_SUSPICIOUS_MOVE = YES;
				CLANG_WARN_UNGUARDED_AVAILABILITY = YES_AGGRESSIVE;
				CLANG_WARN_UNREACHABLE_CODE = YES;
				CLANG_WARN__DUPLICATE_METHOD_MATCH = YES;
				COPY_PHASE_STRIP = NO;
				DEBUG_INFORMATION_FORMAT = "dwarf-with-dsym";
				ENABLE_NS_ASSERTIONS = NO;
				ENABLE_STRICT_OBJC_MSGSEND = YES;
				ENABLE_USER_SCRIPT_SANDBOXING = YES;
				GCC_C_LANGUAGE_STANDARD = gnu17;
				GCC_NO_COMMON_BLOCKS = YES;
				GCC_WARN_64_TO_32_BIT_CONVERSION = YES;
				GCC_WARN_ABOUT_RETURN_TYPE = YES_ERROR;
				GCC_WARN_UNDECLARED_SELECTOR = YES;
				GCC_WARN_UNINITIALIZED_AUTOS = YES_AGGRESSIVE;
				GCC_WARN_UNUSED_FUNCTION = YES;
				GCC_WARN_UNUSED_VARIABLE = YES;
				IPHONEOS_DEPLOYMENT_TARGET = 18.5;
				LOCALIZATION_PREFERS_STRING_CATALOGS = YES;
				MTL_ENABLE_DEBUG_INFO = NO;
				MTL_FAST_MATH = YES;
				SDKROOT = iphoneos;
				SWIFT_COMPILATION_MODE = wholemodule;
				VALIDATE_PRODUCT = YES;
			};
			name = Release;
		};
		9F3B26F72F56C4A400CCCBB3 /* Debug */ = {
			isa = XCBuildConfiguration;
			buildSettings = {
				ASSETCATALOG_COMPILER_APPICON_NAME = AppIcon;
				ASSETCATALOG_COMPILER_GLOBAL_ACCENT_COLOR_NAME = AccentColor;
				CODE_SIGN_STYLE = Automatic;
				CURRENT_PROJECT_VERSION = 1;
				ENABLE_PREVIEWS = YES;
				GENERATE_INFOPLIST_FILE = YES;
				INFOPLIST_KEY_UIApplicationSceneManifest_Generation = YES;
				INFOPLIST_KEY_UIApplicationSupportsIndirectInputEvents = YES;
				INFOPLIST_KEY_UILaunchScreen_Generation = YES;
				INFOPLIST_KEY_UISupportedInterfaceOrientations_iPad = "UIInterfaceOrientationPortrait UIInterfaceOrientationPortraitUpsideDown UIInterfaceOrientationLandscapeLeft UIInterfaceOrientationLandscapeRight";
				INFOPLIST_KEY_UISupportedInterfaceOrientations_iPhone = "UIInterfaceOrientationPortrait UIInterfaceOrientationLandscapeLeft UIInterfaceOrientationLandscapeRight";
				LD_RUNPATH_SEARCH_PATHS = (
					"$(inherited)",
					"@executable_path/Frameworks",
				);
				MARKETING_VERSION = 1.0;
				PRODUCT_BUNDLE_IDENTIFIER = com.apelkroak.iPantry;
				PRODUCT_NAME = "$(TARGET_NAME)";
				SWIFT_EMIT_LOC_STRINGS = YES;
				SWIFT_VERSION = 5.0;
				TARGETED_DEVICE_FAMILY = "1,2";
			};
			name = Debug;
		};
		9F3B26F82F56C4A400CCCBB3 /* Release */ = {
			isa = XCBuildConfiguration;
			buildSettings = {
				ASSETCATALOG_COMPILER_APPICON_NAME = AppIcon;
				ASSETCATALOG_COMPILER_GLOBAL_ACCENT_COLOR_NAME = AccentColor;
				CODE_SIGN_STYLE = Automatic;
				CURRENT_PROJECT_VERSION = 1;
				ENABLE_PREVIEWS = YES;
				GENERATE_INFOPLIST_FILE = YES;
				INFOPLIST_KEY_UIApplicationSceneManifest_Generation = YES;
				INFOPLIST_KEY_UIApplicationSupportsIndirectInputEvents = YES;
				INFOPLIST_KEY_UILaunchScreen_Generation = YES;
				INFOPLIST_KEY_UISupportedInterfaceOrientations_iPad = "UIInterfaceOrientationPortrait UIInterfaceOrientationPortraitUpsideDown UIInterfaceOrientationLandscapeLeft UIInterfaceOrientationLandscapeRight";
				INFOPLIST_KEY_UISupportedInterfaceOrientations_iPhone = "UIInterfaceOrientationPortrait UIInterfaceOrientationLandscapeLeft UIInterfaceOrientationLandscapeRight";
				LD_RUNPATH_SEARCH_PATHS = (
					"$(inherited)",
					"@executable_path/Frameworks",
				);
				MARKETING_VERSION = 1.0;
				PRODUCT_BUNDLE_IDENTIFIER = com.apelkroak.iPantry;
				PRODUCT_NAME = "$(TARGET_NAME)";
				SWIFT_EMIT_LOC_STRINGS = YES;
				SWIFT_VERSION = 5.0;
				TARGETED_DEVICE_FAMILY = "1,2";
			};
			name = Release;
		};
		9F3B26FA2F56C4A400CCCBB3 /* Debug */ = {
			isa = XCBuildConfiguration;
			buildSettings = {
				BUNDLE_LOADER = "$(TEST_HOST)";
				CODE_SIGN_STYLE = Automatic;
				CURRENT_PROJECT_VERSION = 1;
				GENERATE_INFOPLIST_FILE = YES;
				IPHONEOS_DEPLOYMENT_TARGET = 18.5;
				MARKETING_VERSION = 1.0;
				PRODUCT_BUNDLE_IDENTIFIER = com.apelkroak.iPantryTests;
				PRODUCT_NAME = "$(TARGET_NAME)";
				SWIFT_EMIT_LOC_STRINGS = NO;
				SWIFT_VERSION = 5.0;
				TARGETED_DEVICE_FAMILY = "1,2";
				TEST_HOST = "$(BUILT_PRODUCTS_DIR)/iPantry.app/$(BUNDLE_EXECUTABLE_FOLDER_PATH)/iPantry";
			};
			name = Debug;
		};
		9F3B26FB2F56C4A400CCCBB3 /* Release */ = {
			isa = XCBuildConfiguration;
			buildSettings = {
				BUNDLE_LOADER = "$(TEST_HOST)";
				CODE_SIGN_STYLE = Automatic;
				CURRENT_PROJECT_VERSION = 1;
				GENERATE_INFOPLIST_FILE = YES;
				IPHONEOS_DEPLOYMENT_TARGET = 18.5;
				MARKETING_VERSION = 1.0;
				PRODUCT_BUNDLE_IDENTIFIER = com.apelkroak.iPantryTests;
				PRODUCT_NAME = "$(TARGET_NAME)";
				SWIFT_EMIT_LOC_STRINGS = NO;
				SWIFT_VERSION = 5.0;
				TARGETED_DEVICE_FAMILY = "1,2";
				TEST_HOST = "$(BUILT_PRODUCTS_DIR)/iPantry.app/$(BUNDLE_EXECUTABLE_FOLDER_PATH)/iPantry";
			};
			name = Release;
		};
		9F3B26FD2F56C4A400CCCBB3 /* Debug */ = {
			isa = XCBuildConfiguration;
			buildSettings = {
				CODE_SIGN_STYLE = Automatic;
				CURRENT_PROJECT_VERSION = 1;
				GENERATE_INFOPLIST_FILE = YES;
				MARKETING_VERSION = 1.0;
				PRODUCT_BUNDLE_IDENTIFIER = com.apelkroak.iPantryUITests;
				PRODUCT_NAME = "$(TARGET_NAME)";
				SWIFT_EMIT_LOC_STRINGS = NO;
				SWIFT_VERSION = 5.0;
				TARGETED_DEVICE_FAMILY = "1,2";
				TEST_TARGET_NAME = iPantry;
			};
			name = Debug;
		};
		9F3B26FE2F56C4A400CCCBB3 /* Release */ = {
			isa = XCBuildConfiguration;
			buildSettings = {
				CODE_SIGN_STYLE = Automatic;
				CURRENT_PROJECT_VERSION = 1;
				GENERATE_INFOPLIST_FILE = YES;
				MARKETING_VERSION = 1.0;
				PRODUCT_BUNDLE_IDENTIFIER = com.apelkroak.iPantryUITests;
				PRODUCT_NAME = "$(TARGET_NAME)";
				SWIFT_EMIT_LOC_STRINGS = NO;
				SWIFT_VERSION = 5.0;
				TARGETED_DEVICE_FAMILY = "1,2";
				TEST_TARGET_NAME = iPantry;
			};
			name = Release;
		};
/* End XCBuildConfiguration section */

/* Begin XCConfigurationList section */
		9F3B26D02F56C4A200CCCBB3 /* Build configuration list for PBXProject "iPantry" */ = {
			isa = XCConfigurationList;
			buildConfigurations = (
				9F3B26F42F56C4A400CCCBB3 /* Debug */,
				9F3B26F52F56C4A400CCCBB3 /* Release */,
			);
			defaultConfigurationIsVisible = 0;
			defaultConfigurationName = Release;
		};
		9F3B26F62F56C4A400CCCBB3 /* Build configuration list for PBXNativeTarget "iPantry" */ = {
			isa = XCConfigurationList;
			buildConfigurations = (
				9F3B26F72F56C4A400CCCBB3 /* Debug */,
				9F3B26F82F56C4A400CCCBB3 /* Release */,
			);
			defaultConfigurationIsVisible = 0;
			defaultConfigurationName = Release;
		};
		9F3B26F92F56C4A400CCCBB3 /* Build configuration list for PBXNativeTarget "iPantryTests" */ = {
			isa = XCConfigurationList;
			buildConfigurations = (
				9F3B26FA2F56C4A400CCCBB3 /* Debug */,
				9F3B26FB2F56C4A400CCCBB3 /* Release */,
			);
			defaultConfigurationIsVisible = 0;
			defaultConfigurationName = Release;
		};
		9F3B26FC2F56C4A400CCCBB3 /* Build configuration list for PBXNativeTarget "iPantryUITests" */ = {
			isa = XCConfigurationList;
			buildConfigurations = (
				9F3B26FD2F56C4A400CCCBB3 /* Debug */,
				9F3B26FE2F56C4A400CCCBB3 /* Release */,
			);
			defaultConfigurationIsVisible = 0;
			defaultConfigurationName = Release;
		};
/* End XCConfigurationList section */
	};
	rootObject = 9F3B26CD2F56C4A200CCCBB3 /* Project object */;
}
